
Microsoft Visual Studio Solution File, Format Version 12.00
# Visual Studio Version 16
VisualStudioVersion = 16.0.30907.101
MinimumVisualStudioVersion = 10.0.40219.1
Project("{9A19103F-16F7-4668-BE54-9A1E7A4F7556}") = "Desafio_Duplas_Lista_BRUNA_e_CARLOS", "Desafio_Números_BRUNA_e_CARLOS\Desafio_Duplas_Lista_BRUNA_e_CARLOS.csproj", "{37C198D4-3F8E-4BFA-9FCA-5D4954386672}"
EndProject
Global
	GlobalSection(SolutionConfigurationPlatforms) = preSolution
		Debug|Any CPU = Debug|Any CPU
		Release|Any CPU = Release|Any CPU
	EndGlobalSection
	GlobalSection(ProjectConfigurationPlatforms) = postSolution
		{37C198D4-3F8E-4BFA-9FCA-5D4954386672}.Debug|Any CPU.ActiveCfg = Debug|Any CPU
		{37C198D4-3F8E-4BFA-9FCA-5D4954386672}.Debug|Any CPU.Build.0 = Debug|Any CPU
		{37C198D4-3F8E-4BFA-9FCA-5D4954386672}.Release|Any CPU.ActiveCfg = Release|Any CPU
		{37C198D4-3F8E-4BFA-9FCA-5D4954386672}.Release|Any CPU.Build.0 = Release|Any CPU
	EndGlobalSection
	GlobalSection(SolutionProperties) = preSolution
		HideSolutionNode = FALSE
	EndGlobalSection
	GlobalSection(ExtensibilityGlobals) = postSolution
		SolutionGuid = {A4FBEE62-BF90-4151-A85B-F5EAE36E5D52}
	EndGlobalSection
EndGlobal
